{
  "name": "custom-module-with-cli-options",
  "version": "1.0.0",
  "lockfileVersion": 1,
  "requires": true,
  "dependencies": {
    "@hapi/accept": {
      "version": "5.0.2",
      "resolved": "https://artylab.expedia.biz/api/npm/public-npm-virtual/@hapi/accept/-/accept-5.0.2.tgz",
      "integrity": "sha1-q3BDsDfmi3Ivk/N2r7BehcBplSM=",
      "requires": {
        "@hapi/boom": "9.x.x",
        "@hapi/hoek": "9.x.x"
      }
    },
    "@hapi/ammo": {
      "version": "5.0.1",
      "resolved": "https://artylab.expedia.biz/api/npm/public-npm-virtual/@hapi/ammo/-/ammo-5.0.1.tgz",
      "integrity": "sha1-nTRWD1whTtpWPYOMASlzh++qtJA=",
      "requires": {
        "@hapi/hoek": "9.x.x"
      }
    },
    "@hapi/b64": {
      "version": "5.0.0",
      "resolved": "https://artylab.expedia.biz/api/npm/public-npm-virtual/@hapi/b64/-/b64-5.0.0.tgz",
      "integrity": "sha1-uCEMvXL0d0mF54Vpt36XSY0kJ30=",
      "requires": {
        "@hapi/hoek": "9.x.x"
      }
    },
    "@hapi/boom": {
      "version": "9.1.4",
      "resolved": "https://artylab.expedia.biz/api/npm/public-npm-virtual/@hapi/boom/-/boom-9.1.4.tgz",
      "integrity": "sha1-H52tNnxqfan43vJLSphvxae9nbY=",
      "requires": {
        "@hapi/hoek": "9.x.x"
      }
    },
    "@hapi/bounce": {
      "version": "2.0.0",
      "resolved": "https://artylab.expedia.biz/api/npm/public-npm-virtual/@hapi/bounce/-/bounce-2.0.0.tgz",
      "integrity": "sha1-5u9WmRw2ax4nOLLNg7ATVNk4zz0=",
      "requires": {
        "@hapi/boom": "9.x.x",
        "@hapi/hoek": "9.x.x"
      }
    },
    "@hapi/bourne": {
      "version": "2.0.0",
      "resolved": "https://artylab.expedia.biz/api/npm/public-npm-virtual/@hapi/bourne/-/bourne-2.0.0.tgz",
      "integrity": "sha1-W7IZPraFwAB1QMph0WbU4e2vkY0="
    },
    "@hapi/call": {
      "version": "8.0.1",
      "resolved": "https://artylab.expedia.biz/api/npm/public-npm-virtual/@hapi/call/-/call-8.0.1.tgz",
      "integrity": "sha1-nmTNi6YSjrW+bkMsqqVyse2M18A=",
      "requires": {
        "@hapi/boom": "9.x.x",
        "@hapi/hoek": "9.x.x"
      }
    },
    "@hapi/catbox": {
      "version": "11.1.1",
      "resolved": "https://artylab.expedia.biz/api/npm/public-npm-virtual/@hapi/catbox/-/catbox-11.1.1.tgz",
      "integrity": "sha1-0nfi1QI/1pzdsz0FsiTqAwZf7Aw=",
      "requires": {
        "@hapi/boom": "9.x.x",
        "@hapi/hoek": "9.x.x",
        "@hapi/podium": "4.x.x",
        "@hapi/validate": "1.x.x"
      }
    },
    "@hapi/catbox-memory": {
      "version": "5.0.1",
      "resolved": "https://artylab.expedia.biz/api/npm/public-npm-virtual/@hapi/catbox-memory/-/catbox-memory-5.0.1.tgz",
      "integrity": "sha1-y2P8oN7QHURaJXOzjrJojfZ/cKw=",
      "requires": {
        "@hapi/boom": "9.x.x",
        "@hapi/hoek": "9.x.x"
      }
    },
    "@hapi/content": {
      "version": "5.0.2",
      "resolved": "https://artylab.expedia.biz/api/npm/public-npm-virtual/@hapi/content/-/content-5.0.2.tgz",
      "integrity": "sha1-rleVR2HeVwOSdj5kzddfB0F2qAQ=",
      "requires": {
        "@hapi/boom": "9.x.x"
      }
    },
    "@hapi/cryptiles": {
      "version": "5.1.0",
      "resolved": "https://artylab.expedia.biz/api/npm/public-npm-virtual/@hapi/cryptiles/-/cryptiles-5.1.0.tgz",
      "integrity": "sha1-ZV3ky7wFLJR/aWFIyDsYf8K+j0M=",
      "requires": {
        "@hapi/boom": "9.x.x"
      }
    },
    "@hapi/file": {
      "version": "2.0.0",
      "resolved": "https://artylab.expedia.biz/api/npm/public-npm-virtual/@hapi/file/-/file-2.0.0.tgz",
      "integrity": "sha1-Ls2jfRrp0weKZ8E7fahujDI337k="
    },
    "@hapi/hapi": {
      "version": "20.2.1",
      "resolved": "https://artylab.expedia.biz/api/npm/public-npm-virtual/@hapi/hapi/-/hapi-20.2.1.tgz",
      "integrity": "sha1-dIK8KHV8tGcWI6Yb21zpIL/8ii8=",
      "requires": {
        "@hapi/accept": "^5.0.1",
        "@hapi/ammo": "^5.0.1",
        "@hapi/boom": "^9.1.0",
        "@hapi/bounce": "^2.0.0",
        "@hapi/call": "^8.0.0",
        "@hapi/catbox": "^11.1.1",
        "@hapi/catbox-memory": "^5.0.0",
        "@hapi/heavy": "^7.0.1",
        "@hapi/hoek": "^9.0.4",
        "@hapi/mimos": "^6.0.0",
        "@hapi/podium": "^4.1.1",
        "@hapi/shot": "^5.0.5",
        "@hapi/somever": "^3.0.0",
        "@hapi/statehood": "^7.0.3",
        "@hapi/subtext": "^7.0.3",
        "@hapi/teamwork": "^5.1.0",
        "@hapi/topo": "^5.0.0",
        "@hapi/validate": "^1.1.1"
      }
    },
    "@hapi/heavy": {
      "version": "7.0.1",
      "resolved": "https://artylab.expedia.biz/api/npm/public-npm-virtual/@hapi/heavy/-/heavy-7.0.1.tgz",
      "integrity": "sha1-czFa4ztudoKgkGt6EejKcOMEWHQ=",
      "requires": {
        "@hapi/boom": "9.x.x",
        "@hapi/hoek": "9.x.x",
        "@hapi/validate": "1.x.x"
      }
    },
    "@hapi/hoek": {
      "version": "9.2.1",
      "resolved": "https://artylab.expedia.biz/api/npm/public-npm-virtual/@hapi/hoek/-/hoek-9.2.1.tgz",
      "integrity": "sha1-lVEUKhmAUDdSU2tQUP2Z9KfxOxc="
    },
    "@hapi/iron": {
      "version": "6.0.0",
      "resolved": "https://artylab.expedia.biz/api/npm/public-npm-virtual/@hapi/iron/-/iron-6.0.0.tgz",
      "integrity": "sha1-yj+RNs2mVb3WAo3gBF2g3j0UQ28=",
      "requires": {
        "@hapi/b64": "5.x.x",
        "@hapi/boom": "9.x.x",
        "@hapi/bourne": "2.x.x",
        "@hapi/cryptiles": "5.x.x",
        "@hapi/hoek": "9.x.x"
      }
    },
    "@hapi/mimos": {
      "version": "6.0.0",
      "resolved": "https://artylab.expedia.biz/api/npm/public-npm-virtual/@hapi/mimos/-/mimos-6.0.0.tgz",
      "integrity": "sha1-2qUj2cByIsfohgy3ycVQH9ZQZIQ=",
      "requires": {
        "@hapi/hoek": "9.x.x",
        "mime-db": "1.x.x"
      }
    },
    "@hapi/nigel": {
      "version": "4.0.2",
      "resolved": "https://artylab.expedia.biz/api/npm/public-npm-virtual/@hapi/nigel/-/nigel-4.0.2.tgz",
      "integrity": "sha1-j4TvS8pPsDsjdkY1ePJTsLjoY8Q=",
      "requires": {
        "@hapi/hoek": "^9.0.4",
        "@hapi/vise": "^4.0.0"
      }
    },
    "@hapi/pez": {
      "version": "5.0.3",
      "resolved": "https://artylab.expedia.biz/api/npm/public-npm-virtual/@hapi/pez/-/pez-5.0.3.tgz",
      "integrity": "sha1-t1RG5v74y7FoFlc6t9obBSLnoqE=",
      "requires": {
        "@hapi/b64": "5.x.x",
        "@hapi/boom": "9.x.x",
        "@hapi/content": "^5.0.2",
        "@hapi/hoek": "9.x.x",
        "@hapi/nigel": "4.x.x"
      }
    },
    "@hapi/podium": {
      "version": "4.1.3",
      "resolved": "https://artylab.expedia.biz/api/npm/public-npm-virtual/@hapi/podium/-/podium-4.1.3.tgz",
      "integrity": "sha1-keIIOPwrVDf1EdZkqr67s5NXiiY=",
      "requires": {
        "@hapi/hoek": "9.x.x",
        "@hapi/teamwork": "5.x.x",
        "@hapi/validate": "1.x.x"
      }
    },
    "@hapi/shot": {
      "version": "5.0.5",
      "resolved": "https://artylab.expedia.biz/api/npm/public-npm-virtual/@hapi/shot/-/shot-5.0.5.tgz",
      "integrity": "sha1-olwj0Ylzvsk8eWnFG/lXljKlvr0=",
      "requires": {
        "@hapi/hoek": "9.x.x",
        "@hapi/validate": "1.x.x"
      }
    },
    "@hapi/somever": {
      "version": "3.0.1",
      "resolved": "https://artylab.expedia.biz/api/npm/public-npm-virtual/@hapi/somever/-/somever-3.0.1.tgz",
      "integrity": "sha1-mWHNW9vrW7HtwLKs3Qu0JAZqrcw=",
      "requires": {
        "@hapi/bounce": "2.x.x",
        "@hapi/hoek": "9.x.x"
      }
    },
    "@hapi/statehood": {
      "version": "7.0.3",
      "resolved": "https://artylab.expedia.biz/api/npm/public-npm-virtual/@hapi/statehood/-/statehood-7.0.3.tgz",
      "integrity": "sha1-ZVFm83aDRO08O1A3WjA83sqAQNk=",
      "requires": {
        "@hapi/boom": "9.x.x",
        "@hapi/bounce": "2.x.x",
        "@hapi/bourne": "2.x.x",
        "@hapi/cryptiles": "5.x.x",
        "@hapi/hoek": "9.x.x",
        "@hapi/iron": "6.x.x",
        "@hapi/validate": "1.x.x"
      }
    },
    "@hapi/subtext": {
      "version": "7.0.3",
      "resolved": "https://artylab.expedia.biz/api/npm/public-npm-virtual/@hapi/subtext/-/subtext-7.0.3.tgz",
      "integrity": "sha1-90QPx8lmhY4fOWgemethccceer0=",
      "requires": {
        "@hapi/boom": "9.x.x",
        "@hapi/bourne": "2.x.x",
        "@hapi/content": "^5.0.2",
        "@hapi/file": "2.x.x",
        "@hapi/hoek": "9.x.x",
        "@hapi/pez": "^5.0.1",
        "@hapi/wreck": "17.x.x"
      }
    },
    "@hapi/teamwork": {
      "version": "5.1.0",
      "resolved": "https://artylab.expedia.biz/api/npm/public-npm-virtual/@hapi/teamwork/-/teamwork-5.1.0.tgz",
      "integrity": "sha1-eAGmH8cn9wL9IZbvdiXrTjifQSQ="
    },
    "@hapi/topo": {
      "version": "5.1.0",
      "resolved": "https://artylab.expedia.biz/api/npm/public-npm-virtual/@hapi/topo/-/topo-5.1.0.tgz",
      "integrity": "sha1-3ESOMyxsbjek3AL9hLqNRLmvsBI=",
      "requires": {
        "@hapi/hoek": "^9.0.0"
      }
    },
    "@hapi/validate": {
      "version": "1.1.3",
      "resolved": "https://artylab.expedia.biz/api/npm/public-npm-virtual/@hapi/validate/-/validate-1.1.3.tgz",
      "integrity": "sha1-91CgcoOSngm1GqFr40r/tE4ZMa0=",
      "requires": {
        "@hapi/hoek": "^9.0.0",
        "@hapi/topo": "^5.0.0"
      }
    },
    "@hapi/vise": {
      "version": "4.0.0",
      "resolved": "https://artylab.expedia.biz/api/npm/public-npm-virtual/@hapi/vise/-/vise-4.0.0.tgz",
      "integrity": "sha1-xqlP4SG5SlO/medIn3/MdMEE2wI=",
      "requires": {
        "@hapi/hoek": "9.x.x"
      }
    },
    "@hapi/wreck": {
      "version": "17.1.0",
      "resolved": "https://artylab.expedia.biz/api/npm/public-npm-virtual/@hapi/wreck/-/wreck-17.1.0.tgz",
      "integrity": "sha1-+9w4DG8/ofgFLcYSstO2zj6I2+w=",
      "requires": {
        "@hapi/boom": "9.x.x",
        "@hapi/bourne": "2.x.x",
        "@hapi/hoek": "9.x.x"
      }
    },
    "@sideway/address": {
      "version": "4.1.3",
      "resolved": "https://artylab.expedia.biz/api/npm/public-npm-virtual/@sideway/address/-/address-4.1.3.tgz",
      "integrity": "sha1-2TzOXUXF2uySrXbbSSzC7jxkqyc=",
      "requires": {
        "@hapi/hoek": "^9.0.0"
      }
    },
    "@sideway/formula": {
      "version": "3.0.0",
      "resolved": "https://artylab.expedia.biz/api/npm/public-npm-virtual/@sideway/formula/-/formula-3.0.0.tgz",
      "integrity": "sha1-/hWK7jLmvV3oUES+YVvAhHigoTw="
    },
    "@sideway/pinpoint": {
      "version": "2.0.0",
      "resolved": "https://artylab.expedia.biz/api/npm/public-npm-virtual/@sideway/pinpoint/-/pinpoint-2.0.0.tgz",
      "integrity": "sha1-z/j/rcNyrSn9P3gneusp5jLMcN8="
    },
    "@types/hapi__catbox": {
      "version": "10.2.4",
      "resolved": "https://artylab.expedia.biz/api/npm/public-npm-virtual/@types/hapi__catbox/-/hapi__catbox-10.2.4.tgz",
      "integrity": "sha1-TQUxpsLQ5FAk9yQCDVNgQe+P/jA="
    },
    "@types/hapi__hapi": {
      "version": "20.0.10",
      "resolved": "https://artylab.expedia.biz/api/npm/public-npm-virtual/@types/hapi__hapi/-/hapi__hapi-20.0.10.tgz",
      "integrity": "sha1-iQ2NXDsSM3um5OqeM9iuxdYrvCU=",
      "requires": {
        "@hapi/boom": "^9.0.0",
        "@hapi/iron": "^6.0.0",
        "@hapi/podium": "^4.1.3",
        "@types/hapi__catbox": "*",
        "@types/hapi__mimos": "*",
        "@types/hapi__shot": "*",
        "@types/node": "*",
        "joi": "^17.3.0"
      }
    },
    "@types/hapi__mimos": {
      "version": "4.1.4",
      "resolved": "https://artylab.expedia.biz/api/npm/public-npm-virtual/@types/hapi__mimos/-/hapi__mimos-4.1.4.tgz",
      "integrity": "sha1-T4ocWDRfxGhVNwjTy1CHJKoIG9k=",
      "requires": {
        "@types/mime-db": "*"
      }
    },
    "@types/hapi__shot": {
      "version": "4.1.2",
      "resolved": "https://artylab.expedia.biz/api/npm/public-npm-virtual/@types/hapi__shot/-/hapi__shot-4.1.2.tgz",
      "integrity": "sha1-1AEZmakegQEDD+zhRi/pl2lFWFU=",
      "requires": {
        "@types/node": "*"
      }
    },
    "@types/mime-db": {
      "version": "1.43.1",
      "resolved": "https://artylab.expedia.biz/api/npm/public-npm-virtual/@types/mime-db/-/mime-db-1.43.1.tgz",
      "integrity": "sha1-wqBSJFO7m26E7ki37vdl0ZvNUZ4="
    },
    "@types/node": {
      "version": "17.0.10",
      "resolved": "https://artylab.expedia.biz/api/npm/public-npm-virtual/@types/node/-/node-17.0.10.tgz",
      "integrity": "sha1-YW8W6dOio9YYE2sb4kQxXZW9fKs="
    },
    "abstract-logging": {
      "version": "2.0.1",
      "resolved": "https://artylab.expedia.biz/api/npm/public-npm-virtual/abstract-logging/-/abstract-logging-2.0.1.tgz",
      "integrity": "sha1-aww3HfIS23EptX0uf88oK4vxyDk="
    },
    "ansi-styles": {
      "version": "3.2.1",
      "resolved": "https://artylab.expedia.biz/api/npm/public-npm-virtual/ansi-styles/-/ansi-styles-3.2.1.tgz",
      "integrity": "sha1-QfuyAkPlCxK+DwS43tvwdSDOhB0=",
      "requires": {
        "color-convert": "^1.9.0"
      }
    },
    "args": {
      "version": "5.0.1",
      "resolved": "https://artylab.expedia.biz/api/npm/public-npm-virtual/args/-/args-5.0.1.tgz",
      "integrity": "sha1-S/KY35CkeZoJUhNixXknjML912E=",
      "requires": {
        "camelcase": "5.0.0",
        "chalk": "2.4.2",
        "leven": "2.1.0",
        "mri": "1.1.4"
      }
    },
    "atomic-sleep": {
      "version": "1.0.0",
      "resolved": "https://artylab.expedia.biz/api/npm/public-npm-virtual/atomic-sleep/-/atomic-sleep-1.0.0.tgz",
      "integrity": "sha1-64W3emAfyTLP5DLFrNNkqeLJB1s="
    },
    "camelcase": {
      "version": "5.0.0",
      "resolved": "https://artylab.expedia.biz/api/npm/public-npm-virtual/camelcase/-/camelcase-5.0.0.tgz",
      "integrity": "sha1-AylVJ9WL081Kp1Nj81sujZe+L0I="
    },
    "chalk": {
      "version": "2.4.2",
      "resolved": "https://artylab.expedia.biz/api/npm/public-npm-virtual/chalk/-/chalk-2.4.2.tgz",
      "integrity": "sha1-zUJUFnelQzPPVBpJEIwUMrRMlCQ=",
      "requires": {
        "ansi-styles": "^3.2.1",
        "escape-string-regexp": "^1.0.5",
        "supports-color": "^5.3.0"
      }
    },
    "color-convert": {
      "version": "1.9.3",
      "resolved": "https://artylab.expedia.biz/api/npm/public-npm-virtual/color-convert/-/color-convert-1.9.3.tgz",
      "integrity": "sha1-u3GFBpDh8TZWfeYp0tVHHe2kweg=",
      "requires": {
        "color-name": "1.1.3"
      }
    },
    "color-name": {
      "version": "1.1.3",
      "resolved": "https://artylab.expedia.biz/api/npm/public-npm-virtual/color-name/-/color-name-1.1.3.tgz",
      "integrity": "sha1-p9BVi9icQveV3UIyj3QIMcpTvCU="
    },
    "duplexify": {
      "version": "4.1.2",
      "resolved": "https://artylab.expedia.biz/api/npm/public-npm-virtual/duplexify/-/duplexify-4.1.2.tgz",
      "integrity": "sha1-GLT40oKJEy+guVc8iY2fkD+Bx7A=",
      "requires": {
        "end-of-stream": "^1.4.1",
        "inherits": "^2.0.3",
        "readable-stream": "^3.1.1",
        "stream-shift": "^1.0.0"
      }
    },
    "end-of-stream": {
      "version": "1.4.4",
      "resolved": "https://artylab.expedia.biz/api/npm/public-npm-virtual/end-of-stream/-/end-of-stream-1.4.4.tgz",
      "integrity": "sha1-WuZKX0UFe682JuwU2gyl5LJDHrA=",
      "requires": {
        "once": "^1.4.0"
      }
    },
    "escape-string-regexp": {
      "version": "1.0.5",
      "resolved": "https://artylab.expedia.biz/api/npm/public-npm-virtual/escape-string-regexp/-/escape-string-regexp-1.0.5.tgz",
      "integrity": "sha1-G2HAViGQqN/2rjuyzwIAyhMLhtQ="
    },
    "fast-redact": {
      "version": "3.0.2",
      "resolved": "https://artylab.expedia.biz/api/npm/public-npm-virtual/fast-redact/-/fast-redact-3.0.2.tgz",
      "integrity": "sha1-yUC6cWLd467u/FIpJq6MUjFBKQQ="
    },
    "get-caller-file": {
      "version": "2.0.5",
      "resolved": "https://artylab.expedia.biz/api/npm/public-npm-virtual/get-caller-file/-/get-caller-file-2.0.5.tgz",
      "integrity": "sha1-T5RBKoLbMvNuOwuXQfipf+sDH34="
    },
    "hapi-pino": {
      "version": "9.1.0",
      "resolved": "https://artylab.expedia.biz/api/npm/public-npm-virtual/hapi-pino/-/hapi-pino-9.1.0.tgz",
      "integrity": "sha1-38xSAchjVLARuTgPs3ei+o1FC9o=",
      "requires": {
        "@hapi/hoek": "^9.0.0",
        "@types/hapi__hapi": "^20.0.9",
        "abstract-logging": "^2.0.0",
        "get-caller-file": "^2.0.5",
        "pino": "^7.0.0"
      }
    },
    "has-flag": {
      "version": "3.0.0",
      "resolved": "https://artylab.expedia.biz/api/npm/public-npm-virtual/has-flag/-/has-flag-3.0.0.tgz",
      "integrity": "sha1-tdRU3CGZriJWmfNGfloH87lVuv0="
    },
    "inherits": {
      "version": "2.0.4",
      "resolved": "https://artylab.expedia.biz/api/npm/public-npm-virtual/inherits/-/inherits-2.0.4.tgz",
      "integrity": "sha1-D6LGT5MpF8NDOg3tVTY6rjdBa3w="
    },
    "joi": {
      "version": "17.5.0",
      "resolved": "https://artylab.expedia.biz/api/npm/public-npm-virtual/joi/-/joi-17.5.0.tgz",
      "integrity": "sha1-fmbQAEtQRdlxz0FqVfth0zrG4BE=",
      "requires": {
        "@hapi/hoek": "^9.0.0",
        "@hapi/topo": "^5.0.0",
        "@sideway/address": "^4.1.3",
        "@sideway/formula": "^3.0.0",
        "@sideway/pinpoint": "^2.0.0"
      }
    },
    "leven": {
      "version": "2.1.0",
      "resolved": "https://artylab.expedia.biz/api/npm/public-npm-virtual/leven/-/leven-2.1.0.tgz",
      "integrity": "sha1-wuep93IJTe6dNCAq6KzORoeHVYA="
    },
    "mime-db": {
      "version": "1.51.0",
      "resolved": "https://artylab.expedia.biz/api/npm/public-npm-virtual/mime-db/-/mime-db-1.51.0.tgz",
      "integrity": "sha1-2f9iRRhZsYNC2WCFDcPPt35j+ww="
    },
    "mri": {
      "version": "1.1.4",
      "resolved": "https://artylab.expedia.biz/api/npm/public-npm-virtual/mri/-/mri-1.1.4.tgz",
      "integrity": "sha1-fLHdG5tAkF8frAU6viW2cg9EdEo="
    },
    "on-exit-leak-free": {
      "version": "0.2.0",
      "resolved": "https://artylab.expedia.biz/api/npm/public-npm-virtual/on-exit-leak-free/-/on-exit-leak-free-0.2.0.tgz",
      "integrity": "sha1-s5yeO/dpDYkPSGFViw17kKRC0gk="
    },
    "once": {
      "version": "1.4.0",
      "resolved": "https://artylab.expedia.biz/api/npm/public-npm-virtual/once/-/once-1.4.0.tgz",
      "integrity": "sha1-WDsap3WWHUsROsF9nFC6753Xa9E=",
      "requires": {
        "wrappy": "1"
      }
    },
    "pino": {
      "version": "7.6.4",
      "resolved": "https://artylab.expedia.biz/api/npm/public-npm-virtual/pino/-/pino-7.6.4.tgz",
      "integrity": "sha1-+CQh/XoW2Cpws5jhaHxL2GrkjbI=",
      "requires": {
        "fast-redact": "^3.0.0",
        "on-exit-leak-free": "^0.2.0",
        "pino-abstract-transport": "v0.5.0",
        "pino-std-serializers": "^4.0.0",
        "process-warning": "^1.0.0",
        "quick-format-unescaped": "^4.0.3",
        "real-require": "^0.1.0",
        "safe-stable-stringify": "^2.1.0",
        "sonic-boom": "^2.2.1",
        "thread-stream": "^0.13.0"
      }
    },
    "pino-abstract-transport": {
      "version": "0.5.0",
      "resolved": "https://artylab.expedia.biz/api/npm/public-npm-virtual/pino-abstract-transport/-/pino-abstract-transport-0.5.0.tgz",
      "integrity": "sha1-S1Q0jY9zcTv9FOPcRCKHOaoT2cA=",
      "requires": {
        "duplexify": "^4.1.2",
        "split2": "^4.0.0"
      }
    },
    "pino-std-serializers": {
      "version": "4.0.0",
      "resolved": "https://artylab.expedia.biz/api/npm/public-npm-virtual/pino-std-serializers/-/pino-std-serializers-4.0.0.tgz",
      "integrity": "sha1-F5HM0lOcCRrknOmZMgXizV27oeI="
    },
    "process-warning": {
      "version": "1.0.0",
      "resolved": "https://artylab.expedia.biz/api/npm/public-npm-virtual/process-warning/-/process-warning-1.0.0.tgz",
      "integrity": "sha1-mAoLJdw4zWA0GBvkt3JtiQZrRhY="
    },
    "pump": {
      "version": "3.0.0",
      "resolved": "https://artylab.expedia.biz/api/npm/public-npm-virtual/pump/-/pump-3.0.0.tgz",
      "integrity": "sha1-tKIRaBW94vTh6mAjVOjHVWUQemQ=",
      "requires": {
        "end-of-stream": "^1.1.0",
        "once": "^1.3.1"
      }
    },
    "quick-format-unescaped": {
      "version": "4.0.4",
      "resolved": "https://artylab.expedia.biz/api/npm/public-npm-virtual/quick-format-unescaped/-/quick-format-unescaped-4.0.4.tgz",
      "integrity": "sha1-k+9t2NNFPLx5cN1hT61MWVTWtac="
    },
    "readable-stream": {
      "version": "3.6.0",
      "resolved": "https://artylab.expedia.biz/api/npm/public-npm-virtual/readable-stream/-/readable-stream-3.6.0.tgz",
      "integrity": "sha1-M3u9o63AcGvT4CRCaihtS0sskZg=",
      "requires": {
        "inherits": "^2.0.3",
        "string_decoder": "^1.1.1",
        "util-deprecate": "^1.0.1"
      }
    },
    "real-require": {
      "version": "0.1.0",
      "resolved": "https://artylab.expedia.biz/api/npm/public-npm-virtual/real-require/-/real-require-0.1.0.tgz",
      "integrity": "sha1-c2rCFMqiBjKEe3yowQVqB2ffk4E="
    },
    "safe-buffer": {
      "version": "5.2.1",
      "resolved": "https://artylab.expedia.biz/api/npm/public-npm-virtual/safe-buffer/-/safe-buffer-5.2.1.tgz",
      "integrity": "sha1-Hq+fqb2x/dTsdfWPnNtOa3gn7sY="
    },
    "safe-stable-stringify": {
      "version": "2.3.1",
      "resolved": "https://artylab.expedia.biz/api/npm/public-npm-virtual/safe-stable-stringify/-/safe-stable-stringify-2.3.1.tgz",
      "integrity": "sha1-q2fL4f59QGA8pkHF52XLlC0E/HM="
    },
    "sonic-boom": {
      "version": "2.6.0",
      "resolved": "https://artylab.expedia.biz/api/npm/public-npm-virtual/sonic-boom/-/sonic-boom-2.6.0.tgz",
      "integrity": "sha1-h4b8eL4HwYqQOBrNgW0dSv41N6I=",
      "requires": {
        "atomic-sleep": "^1.0.0"
      }
    },
    "split2": {
      "version": "4.1.0",
      "resolved": "https://artylab.expedia.biz/api/npm/public-npm-virtual/split2/-/split2-4.1.0.tgz",
      "integrity": "sha1-EBkHokNw+Fu3gvCK2qvk4oHs+Ak="
    },
    "stream-shift": {
      "version": "1.0.1",
      "resolved": "https://artylab.expedia.biz/api/npm/public-npm-virtual/stream-shift/-/stream-shift-1.0.1.tgz",
      "integrity": "sha1-1wiCgVWasneEJCebCHfaPDktWj0="
    },
    "string_decoder": {
      "version": "1.3.0",
      "resolved": "https://artylab.expedia.biz/api/npm/public-npm-virtual/string_decoder/-/string_decoder-1.3.0.tgz",
      "integrity": "sha1-QvEUWUpGzxqOMLCoT1bHjD7awh4=",
      "requires": {
        "safe-buffer": "~5.2.0"
      }
    },
    "supports-color": {
      "version": "5.5.0",
      "resolved": "https://artylab.expedia.biz/api/npm/public-npm-virtual/supports-color/-/supports-color-5.5.0.tgz",
      "integrity": "sha1-4uaaRKyHcveKHsCzW2id9lMO/I8=",
      "requires": {
        "has-flag": "^3.0.0"
      }
    },
    "thread-stream": {
      "version": "0.13.1",
      "resolved": "https://artylab.expedia.biz/api/npm/public-npm-virtual/thread-stream/-/thread-stream-0.13.1.tgz",
      "integrity": "sha1-ck5Mbrr29XUqXc5UvvkVPs/ctt8=",
      "requires": {
        "real-require": "^0.1.0"
      }
    },
    "through2": {
      "version": "4.0.2",
      "resolved": "https://artylab.expedia.biz/api/npm/public-npm-virtual/through2/-/through2-4.0.2.tgz",
      "integrity": "sha1-p846wqeosLlmyA58SfBITDsjl2Q=",
      "requires": {
        "readable-stream": "3"
      }
    },
    "util-deprecate": {
      "version": "1.0.2",
      "resolved": "https://artylab.expedia.biz/api/npm/public-npm-virtual/util-deprecate/-/util-deprecate-1.0.2.tgz",
      "integrity": "sha1-RQ1Nyfpw3nMnYvvS1KKJgUGaDM8="
    },
    "wrappy": {
      "version": "1.0.2",
      "resolved": "https://artylab.expedia.biz/api/npm/public-npm-virtual/wrappy/-/wrappy-1.0.2.tgz",
      "integrity": "sha1-tSQ9jz7BqjXxNkYFvA0QNuMKtp8="
    }
  }
}
